version = 1
revision = 3
requires-python = ">=3.10"
resolution-markers = [
    "python_full_version >= '3.11' and platform_machine == 'aarch64' and sys_platform == 'linux'",
    "python_full_version < '3.11' and platform_machine == 'aarch64' and sys_platform == 'linux'",
]
supported-markers = [
    "platform_machine == 'aarch64' and sys_platform == 'linux'",
]

[[package]]
name = "attrs"
version = "26.1.0"
source = { registry = "https://pypi.org/simple" }
sdist = { url = "https://files.pythonhosted.org/packages/9a/8e/82a0fe20a541c03148528be8cac2408564a6c9a0cc7e9171802bc1d26985/attrs-26.1.0.tar.gz", hash = "sha256:d03ceb89cb322a8fd706d4fb91940737b6642aa36998fe130a9bc96c985eff32", size = 952055, upload-time = "2026-03-19T14:22:25.026Z" }
wheels = [
    { url = "https://files.pythonhosted.org/packages/64/b4/17d4b0b2a2dc85a6df63d1157e028ed19f90d4cd97c36717afef2bc2f395/attrs-26.1.0-py3-none-any.whl", hash = "sha256:c647aa4a12dfbad9333ca4e71fe62ddc36f4e63b2d260a37a8b83d2f043ac309", size = 67548, upload-time = "2026-03-19T14:22:23.645Z" },
]

[[package]]
name = "car-runtime"
version = "0.1.0"
source = { virtual = "." }
dependencies = [
    { name = "jsonschema" },
    { name = "pyyaml" },
]

[package.metadata]
requires-dist = [
    { name = "jsonschema", specifier = ">=4.20" },
    { name = "pyyaml", specifier = ">=6.0" },
]

[[package]]
name = "jsonschema"
version = "4.26.0"
source = { registry = "https://pypi.org/simple" }
dependencies = [
    { name = "attrs" },
    { name = "jsonschema-specifications" },
    { name = "referencing" },
    { name = "rpds-py", version = "0.30.0", source = { registry = "https://pypi.org/simple" }, marker = "python_full_version < '3.11'" },
    { name = "rpds-py", version = "2026.6.3", source = { registry = "https://pypi.org/simple" }, marker = "python_full_version >= '3.11'" },
]
sdist = { url = "https://files.pythonhosted.org/packages/b3/fc/e067678238fa451312d4c62bf6e6cf5ec56375422aee02f9cb5f909b3047/jsonschema-4.26.0.tar.gz", hash = "sha256:0c26707e2efad8aa1bfc5b7ce170f3fccc2e4918ff85989ba9ffa9facb2be326", size = 366583, upload-time = "2026-01-07T13:41:07.246Z" }
wheels = [
    { url = "https://files.pythonhosted.org/packages/69/90/f63fb5873511e014207a475e2bb4e8b2e570d655b00ac19a9a0ca0a385ee/jsonschema-4.26.0-py3-none-any.whl", hash = "sha256:d489f15263b8d200f8387e64b4c3a75f06629559fb73deb8fdfb525f2dab50ce", size = 90630, upload-time = "2026-01-07T13:41:05.306Z" },
]

[[package]]
name = "jsonschema-specifications"
version = "2025.9.1"
source = { registry = "https://pypi.org/simple" }
dependencies = [
    { name = "referencing" },
]
sdist = { url = "https://files.pythonhosted.org/packages/19/74/a633ee74eb36c44aa6d1095e7cc5569bebf04342ee146178e2d36600708b/jsonschema_specifications-2025.9.1.tar.gz", hash = "sha256:b540987f239e745613c7a9176f3edb72b832a4ac465cf02712288397832b5e8d", size = 32855, upload-time = "2025-09-08T01:34:59.186Z" }
wheels = [
    { url = "https://files.pythonhosted.org/packages/41/45/1a4ed80516f02155c51f51e8cedb3c1902296743db0bbc66608a0db2814f/jsonschema_specifications-2025.9.1-py3-none-any.whl", hash = "sha256:98802fee3a11ee76ecaca44429fda8a41bff98b00a0f2838151b113f210cc6fe", size = 18437, upload-time = "2025-09-08T01:34:57.871Z" },
]

[[package]]
name = "pyyaml"
version = "6.0.3"
source = { registry = "https://pypi.org/simple" }
sdist = { url = "https://files.pythonhosted.org/packages/05/8e/961c0007c59b8dd7729d542c61a4d537767a59645b82a0b521206e1e25c2/pyyaml-6.0.3.tar.gz", hash = "sha256:d76623373421df22fb4cf8817020cbb7ef15c725b9d5e45f17e189bfc384190f", size = 130960, upload-time = "2025-09-25T21:33:16.546Z" }
wheels = [
    { url = "https://files.pythonhosted.org/packages/43/f7/0e6a5ae5599c838c696adb4e6330a59f463265bfa1e116cfd1fbb0abaaae/pyyaml-6.0.3-cp310-cp310-manylinux2014_aarch64.manylinux_2_17_aarch64.manylinux_2_28_aarch64.whl", hash = "sha256:b30236e45cf30d2b8e7b3e85881719e98507abed1011bf463a8fa23e9c3e98a8", size = 740646, upload-time = "2025-09-25T21:31:49.21Z" },
    { url = "https://files.pythonhosted.org/packages/8b/ef/abd085f06853af0cd59fa5f913d61a8eab65d7639ff2a658d18a25d6a89d/pyyaml-6.0.3-cp310-cp310-musllinux_1_2_aarch64.whl", hash = "sha256:418cf3f2111bc80e0933b2cd8cd04f286338bb88bdc7bc8e6dd775ebde60b5e0", size = 732872, upload-time = "2025-09-25T21:31:53.282Z" },
    { url = "https://files.pythonhosted.org/packages/0c/62/d2eb46264d4b157dae1275b573017abec435397aa59cbcdab6fc978a8af4/pyyaml-6.0.3-cp311-cp311-manylinux2014_aarch64.manylinux_2_17_aarch64.manylinux_2_28_aarch64.whl", hash = "sha256:10892704fc220243f5305762e276552a0395f7beb4dbf9b14ec8fd43b57f126c", size = 775556, upload-time = "2025-09-25T21:32:01.31Z" },
    { url = "https://files.pythonhosted.org/packages/dd/6f/529b0f316a9fd167281a6c3826b5583e6192dba792dd55e3203d3f8e655a/pyyaml-6.0.3-cp311-cp311-musllinux_1_2_aarch64.whl", hash = "sha256:1d37d57ad971609cf3c53ba6a7e365e40660e3be0e5175fa9f2365a379d6095a", size = 767463, upload-time = "2025-09-25T21:32:06.152Z" },
    { url = "https://files.pythonhosted.org/packages/ed/23/7a778b6bd0b9a8039df8b1b1d80e2e2ad78aa04171592c8a5c43a56a6af4/pyyaml-6.0.3-cp312-cp312-manylinux2014_aarch64.manylinux_2_17_aarch64.manylinux_2_28_aarch64.whl", hash = "sha256:9149cad251584d5fb4981be1ecde53a1ca46c891a79788c0df828d2f166bda28", size = 775116, upload-time = "2025-09-25T21:32:13.652Z" },
    { url = "https://files.pythonhosted.org/packages/05/c0/b3be26a015601b822b97d9149ff8cb5ead58c66f981e04fedf4e762f4bd4/pyyaml-6.0.3-cp312-cp312-musllinux_1_2_aarch64.whl", hash = "sha256:8dc52c23056b9ddd46818a57b78404882310fb473d63f17b07d5c40421e47f8e", size = 761089, upload-time = "2025-09-25T21:32:17.56Z" },
    { url = "https://files.pythonhosted.org/packages/50/31/b20f376d3f810b9b2371e72ef5adb33879b25edb7a6d072cb7ca0c486398/pyyaml-6.0.3-cp313-cp313-manylinux2014_aarch64.manylinux_2_17_aarch64.manylinux_2_28_aarch64.whl", hash = "sha256:ee2922902c45ae8ccada2c5b501ab86c36525b883eff4255313a253a3160861c", size = 767081, upload-time = "2025-09-25T21:32:26.575Z" },
    { url = "https://files.pythonhosted.org/packages/f9/11/ba845c23988798f40e52ba45f34849aa8a1f2d4af4b798588010792ebad6/pyyaml-6.0.3-cp313-cp313-musllinux_1_2_aarch64.whl", hash = "sha256:f7057c9a337546edc7973c0d3ba84ddcdf0daa14533c2065749c9075001090e6", size = 753613, upload-time = "2025-09-25T21:32:30.178Z" },
    { url = "https://files.pythonhosted.org/packages/92/b5/47e807c2623074914e29dabd16cbbdd4bf5e9b2db9f8090fa64411fc5382/pyyaml-6.0.3-cp314-cp314-manylinux2014_aarch64.manylinux_2_17_aarch64.manylinux_2_28_aarch64.whl", hash = "sha256:501a031947e3a9025ed4405a168e6ef5ae3126c59f90ce0cd6f2bfc477be31b7", size = 766454, upload-time = "2025-09-25T21:32:37.966Z" },
    { url = "https://files.pythonhosted.org/packages/dd/3f/5989debef34dc6397317802b527dbbafb2b4760878a53d4166579111411e/pyyaml-6.0.3-cp314-cp314-musllinux_1_2_aarch64.whl", hash = "sha256:7c6610def4f163542a622a73fb39f534f8c101d690126992300bf3207eab9764", size = 755228, upload-time = "2025-09-25T21:32:42.084Z" },
    { url = "https://files.pythonhosted.org/packages/7b/5b/3babb19104a46945cf816d047db2788bcaf8c94527a805610b0289a01c6b/pyyaml-6.0.3-cp314-cp314t-manylinux2014_aarch64.manylinux_2_17_aarch64.manylinux_2_28_aarch64.whl", hash = "sha256:6adc77889b628398debc7b65c073bcb99c4a0237b248cacaf3fe8a557563ef6c", size = 831901, upload-time = "2025-09-25T21:32:48.83Z" },
    { url = "https://files.pythonhosted.org/packages/ce/88/a9db1376aa2a228197c58b37302f284b5617f56a5d959fd1763fb1675ce6/pyyaml-6.0.3-cp314-cp314t-musllinux_1_2_aarch64.whl", hash = "sha256:66e1674c3ef6f541c35191caae2d429b967b99e02040f5ba928632d9a7f0f065", size = 805272, upload-time = "2025-09-25T21:32:52.941Z" },
]

[[package]]
name = "referencing"
version = "0.37.0"
source = { registry = "https://pypi.org/simple" }
dependencies = [
    { name = "attrs" },
    { name = "rpds-py", version = "0.30.0", source = { registry = "https://pypi.org/simple" }, marker = "python_full_version < '3.11'" },
    { name = "rpds-py", version = "2026.6.3", source = { registry = "https://pypi.org/simple" }, marker = "python_full_version >= '3.11'" },
    { name = "typing-extensions", marker = "python_full_version < '3.13'" },
]
sdist = { url = "https://files.pythonhosted.org/packages/22/f5/df4e9027acead3ecc63e50fe1e36aca1523e1719559c499951bb4b53188f/referencing-0.37.0.tar.gz", hash = "sha256:44aefc3142c5b842538163acb373e24cce6632bd54bdb01b21ad5863489f50d8", size = 78036, upload-time = "2025-10-13T15:30:48.871Z" }
wheels = [
    { url = "https://files.pythonhosted.org/packages/2c/58/ca301544e1fa93ed4f80d724bf5b194f6e4b945841c5bfd555878eea9fcb/referencing-0.37.0-py3-none-any.whl", hash = "sha256:381329a9f99628c9069361716891d34ad94af76e461dcb0335825aecc7692231", size = 26766, upload-time = "2025-10-13T15:30:47.625Z" },
]

[[package]]
name = "rpds-py"
version = "0.30.0"
source = { registry = "https://pypi.org/simple" }
resolution-markers = [
    "python_full_version < '3.11' and platform_machine == 'aarch64' and sys_platform == 'linux'",
]
sdist = { url = "https://files.pythonhosted.org/packages/20/af/3f2f423103f1113b36230496629986e0ef7e199d2aa8392452b484b38ced/rpds_py-0.30.0.tar.gz", hash = "sha256:dd8ff7cf90014af0c0f787eea34794ebf6415242ee1d6fa91eaba725cc441e84", size = 69469, upload-time = "2025-11-30T20:24:38.837Z" }
wheels = [
    { url = "https://files.pythonhosted.org/packages/cd/7c/e4933565ef7f7a0818985d87c15d9d273f1a649afa6a52ea35ad011195ea/rpds_py-0.30.0-cp310-cp310-manylinux_2_17_aarch64.manylinux2014_aarch64.whl", hash = "sha256:389a2d49eded1896c3d48b0136ead37c48e221b391c052fba3f4055c367f60a6", size = 389696, upload-time = "2025-11-30T20:21:36.122Z" },
    { url = "https://files.pythonhosted.org/packages/f9/be/522cb84751114f4ad9d822ff5a1aa3c98006341895d5f084779b99596e5c/rpds_py-0.30.0-cp310-cp310-musllinux_1_2_aarch64.whl", hash = "sha256:858738e9c32147f78b3ac24dc0edb6610000e56dc0f700fd5f651d0a0f0eb9ff", size = 572503, upload-time = "2025-11-30T20:21:46.91Z" },
    { url = "https://files.pythonhosted.org/packages/84/86/04dbba1b087227747d64d80c3b74df946b986c57af0a9f0c98726d4d7a3b/rpds_py-0.30.0-cp311-cp311-manylinux_2_17_aarch64.manylinux2014_aarch64.whl", hash = "sha256:422c3cb9856d80b09d30d2eb255d0754b23e090034e1deb4083f8004bd0761e4", size = 389938, upload-time = "2025-11-30T20:21:57.079Z" },
    { url = "https://files.pythonhosted.org/packages/2b/81/e729761dbd55ddf5d84ec4ff1f47857f4374b0f19bdabfcf929164da3e24/rpds_py-0.30.0-cp311-cp311-musllinux_1_2_aarch64.whl", hash = "sha256:d9a0ca5da0386dee0655b4ccdf46119df60e0f10da268d04fe7cc87886872ba7", size = 572496, upload-time = "2025-11-30T20:22:07.713Z" },
    { url = "https://files.pythonhosted.org/packages/65/1c/ae157e83a6357eceff62ba7e52113e3ec4834a84cfe07fa4b0757a7d105f/rpds_py-0.30.0-cp312-cp312-manylinux_2_17_aarch64.manylinux2014_aarch64.whl", hash = "sha256:ca28829ae5f5d569bb62a79512c842a03a12576375d5ece7d2cadf8abe96ec28", size = 390763, upload-time = "2025-11-30T20:22:21.661Z" },
    { url = "https://files.pythonhosted.org/packages/00/2b/e59e58c544dc9bd8bd8384ecdb8ea91f6727f0e37a7131baeff8d6f51661/rpds_py-0.30.0-cp312-cp312-musllinux_1_2_aarch64.whl", hash = "sha256:73c67f2db7bc334e518d097c6d1e6fed021bbc9b7d678d6cc433478365d1d5f5", size = 573289, upload-time = "2025-11-30T20:22:32.997Z" },
    { url = "https://files.pythonhosted.org/packages/58/70/faed8186300e3b9bdd138d0273109784eea2396c68458ed580f885dfe7ad/rpds_py-0.30.0-cp313-cp313-manylinux_2_17_aarch64.manylinux2014_aarch64.whl", hash = "sha256:2771c6c15973347f50fece41fc447c054b7ac2ae0502388ce3b6738cd366e3d4", size = 389945, upload-time = "2025-11-30T20:22:44.819Z" },
    { url = "https://files.pythonhosted.org/packages/06/c1/3088fc04b6624eb12a57eb814f0d4997a44b0d208d6cace713033ff1a6ba/rpds_py-0.30.0-cp313-cp313-musllinux_1_2_aarch64.whl", hash = "sha256:5d4c2aa7c50ad4728a094ebd5eb46c452e9cb7edbfdb18f9e1221f597a73e1e7", size = 572731, upload-time = "2025-11-30T20:22:54.778Z" },
    { url = "https://files.pythonhosted.org/packages/40/58/442ada3bba6e8e6615fc00483135c14a7538d2ffac30e2d933ccf6852232/rpds_py-0.30.0-cp313-cp313t-manylinux_2_17_aarch64.manylinux2014_aarch64.whl", hash = "sha256:cdc62c8286ba9bf7f47befdcea13ea0e26bf294bda99758fd90535cbaf408000", size = 383850, upload-time = "2025-11-30T20:23:07.825Z" },
    { url = "https://files.pythonhosted.org/packages/a3/31/622a86cdc0c45d6df0e9ccb6becdba5074735e7033c20e401a6d9d0e2ca0/rpds_py-0.30.0-cp313-cp313t-musllinux_1_2_aarch64.whl", hash = "sha256:c77afbd5f5250bf27bf516c7c4a016813eb2d3e116139aed0096940c5982da94", size = 565790, upload-time = "2025-11-30T20:23:19.029Z" },
    { url = "https://files.pythonhosted.org/packages/bf/c4/76eb0e1e72d1a9c4703c69607cec123c29028bff28ce41588792417098ac/rpds_py-0.30.0-cp314-cp314-manylinux_2_17_aarch64.manylinux2014_aarch64.whl", hash = "sha256:f251c812357a3fed308d684a5079ddfb9d933860fc6de89f2b7ab00da481e65f", size = 384080, upload-time = "2025-11-30T20:23:30.785Z" },
    { url = "https://files.pythonhosted.org/packages/70/ea/caa143cf6b772f823bc7929a45da1fa83569ee49b11d18d0ada7f5ee6fd6/rpds_py-0.30.0-cp314-cp314-musllinux_1_2_aarch64.whl", hash = "sha256:0ed177ed9bded28f8deb6ab40c183cd1192aa0de40c12f38be4d59cd33cb5c65", size = 565606, upload-time = "2025-11-30T20:23:42.186Z" },
    { url = "https://files.pythonhosted.org/packages/ab/00/ba2e50183dbd9abcce9497fa5149c62b4ff3e22d338a30d690f9af970561/rpds_py-0.30.0-cp314-cp314t-manylinux_2_17_aarch64.manylinux2014_aarch64.whl", hash = "sha256:0d08f00679177226c4cb8c5265012eea897c8ca3b93f429e546600c971bcbae7", size = 383795, upload-time = "2025-11-30T20:23:55.556Z" },
    { url = "https://files.pythonhosted.org/packages/8c/28/882e72b5b3e6f718d5453bd4d0d9cf8df36fddeb4ddbbab17869d5868616/rpds_py-0.30.0-cp314-cp314t-musllinux_1_2_aarch64.whl", hash = "sha256:74a3243a411126362712ee1524dfc90c650a503502f135d54d1b352bd01f2404", size = 565630, upload-time = "2025-11-30T20:24:06.878Z" },
    { url = "https://files.pythonhosted.org/packages/7a/68/5c2594e937253457342e078f0cc1ded3dd7b2ad59afdbf2d354869110a02/rpds_py-0.30.0-pp311-pypy311_pp73-manylinux_2_17_aarch64.manylinux2014_aarch64.whl", hash = "sha256:3adbb8179ce342d235c31ab8ec511e66c73faa27a47e076ccc92421add53e2bb", size = 391542, upload-time = "2025-11-30T20:24:20.092Z" },
    { url = "https://files.pythonhosted.org/packages/13/64/b4d76f227d5c45a7e0b796c674fd81b0a6c4fbd48dc29271857d8219571c/rpds_py-0.30.0-pp311-pypy311_pp73-musllinux_1_2_aarch64.whl", hash = "sha256:dff13836529b921e22f15cb099751209a60009731a68519630a24d61f0b1b30a", size = 573981, upload-time = "2025-11-30T20:24:32.934Z" },
]

[[package]]
name = "rpds-py"
version = "2026.6.3"
source = { registry = "https://pypi.org/simple" }
resolution-markers = [
    "python_full_version >= '3.11' and platform_machine == 'aarch64' and sys_platform == 'linux'",
]
sdist = { url = "https://files.pythonhosted.org/packages/aa/2a/9618a122aeb2a169a28b03889a2995fe297588964333d4a7d67bdf46e147/rpds_py-2026.6.3.tar.gz", hash = "sha256:1cebd1337c242e4ec2293e541f712b2da849b29f48f0c293684b71c0632625d4", size = 64051, upload-time = "2026-06-30T07:17:53.009Z" }
wheels = [
    { url = "https://files.pythonhosted.org/packages/0b/2a/e31989834d18d2f26ec1d2774c5b1eb3331df4ea8ada525175294c94b48a/rpds_py-2026.6.3-cp311-cp311-manylinux_2_17_aarch64.manylinux2014_aarch64.whl", hash = "sha256:acc992ab27b15f852c76755eb2ab7dce86585ddadba6fa5946e58556088845b4", size = 373783, upload-time = "2026-06-30T07:14:57.736Z" },
    { url = "https://files.pythonhosted.org/packages/2d/e3/21e5872d165fe08be4f229e3d5ee9d90019c0bf0e5538de60dbd54009450/rpds_py-2026.6.3-cp311-cp311-musllinux_1_2_aarch64.whl", hash = "sha256:421aba32367055614287a4292b6a17f1939c9452299f7a0209c117e990b646d4", size = 549964, upload-time = "2026-06-30T07:15:07.159Z" },
    { url = "https://files.pythonhosted.org/packages/21/63/4239893be1c4d09b709b1a8f6be4188f0870084ff547f46606b8a75f1b03/rpds_py-2026.6.3-cp312-cp312-manylinux_2_17_aarch64.manylinux2014_aarch64.whl", hash = "sha256:55927d532399c2c646100ff7feb48eaa940ad70f42cd68e1328f3ded9f81ca24", size = 368180, upload-time = "2026-06-30T07:15:17.62Z" },
    { url = "https://files.pythonhosted.org/packages/68/a8/6ed52f03ee6cb854ce78785cc9a9a672eb880e83fd7224d471f667d151f1/rpds_py-2026.6.3-cp312-cp312-musllinux_1_2_aarch64.whl", hash = "sha256:2c99f7e8ccb3dd6e3e4bfeac657a7b208c9bac8075f4b078c02d7404c34107fa", size = 543807, upload-time = "2026-06-30T07:15:27.356Z" },
    { url = "https://files.pythonhosted.org/packages/9e/9b/069aa329940f8207615e091f5eedbbd40e1e15eac68a0790fd05ccdf796c/rpds_py-2026.6.3-cp313-cp313-manylinux_2_17_aarch64.manylinux2014_aarch64.whl", hash = "sha256:54f45a148e28767bf343d33a684693c70e451c6f4c0e9904709a723fafbdfc1f", size = 367984, upload-time = "2026-06-30T07:15:39.008Z" },
    { url = "https://files.pythonhosted.org/packages/1f/f1/13968e49655d40b6b19d8b9140296bbc6f1d86b3f0f6c346cf9f1adddf4b/rpds_py-2026.6.3-cp313-cp313-musllinux_1_2_aarch64.whl", hash = "sha256:4f4bca01b63096f606e095734dd56e74e175f94cfbf24ff3d63281cec61f7bb7", size = 543832, upload-time = "2026-06-30T07:15:49.33Z" },
    { url = "https://files.pythonhosted.org/packages/63/ef/d4cdaf309e6b095b43597103cf8c0b951d6cca2acce68c474f75ec12e0c7/rpds_py-2026.6.3-cp314-cp314-manylinux_2_17_aarch64.manylinux2014_aarch64.whl", hash = "sha256:bcfbcf66006befb9fd2aeaa9e01feaf881b4dc330a02ba07d2322b1c11be7b5d", size = 369454, upload-time = "2026-06-30T07:16:01.021Z" },
    { url = "https://files.pythonhosted.org/packages/fb/04/aafff00f73aeca2945f734f1d483c64ab8f472d0864ab02377fd8e89c3b2/rpds_py-2026.6.3-cp314-cp314-musllinux_1_2_aarch64.whl", hash = "sha256:4470ce197d4090875cf6affbf1f853338387428df97c4fb7b7106317b8214698", size = 545356, upload-time = "2026-06-30T07:16:11.816Z" },
    { url = "https://files.pythonhosted.org/packages/87/3c/7a9081c7c9e645b39efe19e4ffbeccd80add246327cd9b888aecffd72317/rpds_py-2026.6.3-cp314-cp314t-manylinux_2_17_aarch64.manylinux2014_aarch64.whl", hash = "sha256:afd70d95892096cdb26f15a00c45907b17817577aa8d1c76b2dcc2788391f9e9", size = 370403, upload-time = "2026-06-30T07:16:24.415Z" },
    { url = "https://files.pythonhosted.org/packages/f0/95/8ed0cd8c377dca12aea498f119fe639fc474d1461545c39d2b5872eb1c0f/rpds_py-2026.6.3-cp314-cp314t-musllinux_1_2_aarch64.whl", hash = "sha256:166cf54d9f44fc6ceb53c7860258dde44a81406646de79f8ed3234fca3b6e538", size = 545978, upload-time = "2026-06-30T07:16:36.45Z" },
    { url = "https://files.pythonhosted.org/packages/ec/64/10a85681916ca55fffb91b0a211f84e34297c109243484dd6394660a8a7c/rpds_py-2026.6.3-cp315-cp315-manylinux_2_17_aarch64.manylinux2014_aarch64.whl", hash = "sha256:a3086b538543802f84c843911242db20447de00d8752dd0efc936dbcf02218ba", size = 369585, upload-time = "2026-06-30T07:16:48.101Z" },
    { url = "https://files.pythonhosted.org/packages/c3/cb/99d77e16e5534ae1d90629bbe419ba6ee170833a6a85e3aa1cc41726fbbc/rpds_py-2026.6.3-cp315-cp315-musllinux_1_2_aarch64.whl", hash = "sha256:24e9c5386e16669b674a69c156c8eeefcb578f3b3397b713b08e6d60f3c7b187", size = 545680, upload-time = "2026-06-30T07:17:00.164Z" },
    { url = "https://files.pythonhosted.org/packages/6f/2c/8e03767b5778ef25cebf74a7a91a2c3806f8eced4c92cb7406bbe060756d/rpds_py-2026.6.3-cp315-cp315t-manylinux_2_17_aarch64.manylinux2014_aarch64.whl", hash = "sha256:8b95977e7211527ab0ba576e286d023389fbeeb32a6b7b771665d333c60e5342", size = 370763, upload-time = "2026-06-30T07:17:14.107Z" },
    { url = "https://files.pythonhosted.org/packages/97/0b/776ffcb66783637b0031f6d58d6fb55913c8b5abf00aeecd46bf933fb477/rpds_py-2026.6.3-cp315-cp315t-musllinux_1_2_aarch64.whl", hash = "sha256:f0840b5b17057f7fd918b76183a4b5a0635f43e14eb2ce60dce1d4ee4707ea00", size = 546584, upload-time = "2026-06-30T07:17:25.264Z" },
    { url = "https://files.pythonhosted.org/packages/ac/e5/c0b5dc93cd0d4c06ce1f438907649514e2ea077bcd911e3154a51e96c38e/rpds_py-2026.6.3-pp311-pypy311_pp73-manylinux_2_17_aarch64.manylinux2014_aarch64.whl", hash = "sha256:9891e594296ab9dada6551c8e7b387b2721f27a67eecd528412e8906247a7b90", size = 382094, upload-time = "2026-06-30T07:17:36.514Z" },
    { url = "https://files.pythonhosted.org/packages/9c/97/0043896fdd7828ce09a1d9a8b06433714d0960fc4ff3fc4aa72b666b764e/rpds_py-2026.6.3-pp311-pypy311_pp73-musllinux_1_2_aarch64.whl", hash = "sha256:2bfd04c19ddbd6640de0b51894d764bd2758854d5b75bd102d2ef10cb9c293a9", size = 558118, upload-time = "2026-06-30T07:17:47.759Z" },
]

[[package]]
name = "typing-extensions"
version = "4.16.0"
source = { registry = "https://pypi.org/simple" }
sdist = { url = "https://files.pythonhosted.org/packages/f6/cc/6253133b5bb138fc3306cebfbda2c520f545d36b5be2c7255cc528bb45d6/typing_extensions-4.16.0.tar.gz", hash = "sha256:dc983d19a509c94dba722ee6abd33940f7c05a89e243c47e907eb4db6f1a43e5", size = 113555, upload-time = "2026-07-02T08:40:05.92Z" }
wheels = [
    { url = "https://files.pythonhosted.org/packages/49/d3/b8441a820a491ddfc024b0b0cf0393375b75ea13866d9c66727e54c2fc80/typing_extensions-4.16.0-py3-none-any.whl", hash = "sha256:481caa481374e813c1b176ada14e97f1f67a4539ce9cfeb3f350d78d6370c2e8", size = 45571, upload-time = "2026-07-02T08:40:04.659Z" },
]
